// !$*UTF8*$!
{
	archiveVersion = 1;
	classes = {
	};
	objectVersion = 56;
	objects = {

/* Begin PBXBuildFile section */
		123D250C29C2D0C200F3A17F /* weatherApp.swift in Sources */ = {isa = PBXBuildFile; fileRef = 123D250B29C2D0C200F3A17F /* weatherApp.swift */; };
		123D250E29C2D0C200F3A17F /* WeatherView.swift in Sources */ = {isa = PBXBuildFile; fileRef = 123D250D29C2D0C200F3A17F /* WeatherView.swift */; };
		123D251029C2D0C300F3A17F /* Assets.xcassets in Resources */ = {isa = PBXBuildFile; fileRef = 123D250F29C2D0C300F3A17F /* Assets.xcassets */; };
		123D251329C2D0C300F3A17F /* Preview Assets.xcassets in Resources */ = {isa = PBXBuildFile; fileRef = 123D251229C2D0C300F3A17F /* Preview Assets.xcassets */; };
		123D251B29C2D2E000F3A17F /* Color+Ext.swift in Sources */ = {isa = PBXBuildFile; fileRef = 123D251A29C2D2E000F3A17F /* Color+Ext.swift */; };
		123D253029C2D6C800F3A17F /* Poppins-ThinItalic.ttf in Resources */ = {isa = PBXBuildFile; fileRef = 123D251E29C2D6C700F3A17F /* Poppins-ThinItalic.ttf */; };
		123D253129C2D6C800F3A17F /* Poppins-BlackItalic.ttf in Resources */ = {isa = PBXBuildFile; fileRef = 123D251F29C2D6C700F3A17F /* Poppins-BlackItalic.ttf */; };
		123D253229C2D6C800F3A17F /* Poppins-Thin.ttf in Resources */ = {isa = PBXBuildFile; fileRef = 123D252029C2D6C700F3A17F /* Poppins-Thin.ttf */; };
		123D253329C2D6C800F3A17F /* Poppins-SemiBoldItalic.ttf in Resources */ = {isa = PBXBuildFile; fileRef = 123D252129C2D6C700F3A17F /* Poppins-SemiBoldItalic.ttf */; };
		123D253429C2D6C800F3A17F /* Poppins-ExtraBold.ttf in Resources */ = {isa = PBXBuildFile; fileRef = 123D252229C2D6C700F3A17F /* Poppins-ExtraBold.ttf */; };
		123D253529C2D6C800F3A17F /* Poppins-LightItalic.ttf in Resources */ = {isa = PBXBuildFile; fileRef = 123D252329C2D6C700F3A17F /* Poppins-LightItalic.ttf */; };
		123D253629C2D6C800F3A17F /* Poppins-SemiBold.ttf in Resources */ = {isa = PBXBuildFile; fileRef = 123D252429C2D6C700F3A17F /* Poppins-SemiBold.ttf */; };
		123D253729C2D6C800F3A17F /* Poppins-Italic.ttf in Resources */ = {isa = PBXBuildFile; fileRef = 123D252529C2D6C700F3A17F /* Poppins-Italic.ttf */; };
		123D253829C2D6C800F3A17F /* Poppins-ExtraLightItalic.ttf in Resources */ = {isa = PBXBuildFile; fileRef = 123D252629C2D6C800F3A17F /* Poppins-ExtraLightItalic.ttf */; };
		123D253929C2D6C800F3A17F /* Poppins-BoldItalic.ttf in Resources */ = {isa = PBXBuildFile; fileRef = 123D252729C2D6C800F3A17F /* Poppins-BoldItalic.ttf */; };
		123D253A29C2D6C800F3A17F /* Poppins-Light.ttf in Resources */ = {isa = PBXBuildFile; fileRef = 123D252829C2D6C800F3A17F /* Poppins-Light.ttf */; };
		123D253B29C2D6C800F3A17F /* Poppins-ExtraLight.ttf in Resources */ = {isa = PBXBuildFile; fileRef = 123D252929C2D6C800F3A17F /* Poppins-ExtraLight.ttf */; };
		123D253C29C2D6C800F3A17F /* Poppins-Regular.ttf in Resources */ = {isa = PBXBuildFile; fileRef = 123D252A29C2D6C800F3A17F /* Poppins-Regular.ttf */; };
		123D253D29C2D6C800F3A17F /* Poppins-Bold.ttf in Resources */ = {isa = PBXBuildFile; fileRef = 123D252B29C2D6C800F3A17F /* Poppins-Bold.ttf */; };
		123D253E29C2D6C800F3A17F /* Poppins-MediumItalic.ttf in Resources */ = {isa = PBXBuildFile; fileRef = 123D252C29C2D6C800F3A17F /* Poppins-MediumItalic.ttf */; };
		123D253F29C2D6C800F3A17F /* Poppins-Black.ttf in Resources */ = {isa = PBXBuildFile; fileRef = 123D252D29C2D6C800F3A17F /* Poppins-Black.ttf */; };
		123D254029C2D6C800F3A17F /* Poppins-ExtraBoldItalic.ttf in Resources */ = {isa = PBXBuildFile; fileRef = 123D252E29C2D6C800F3A17F /* Poppins-ExtraBoldItalic.ttf */; };
		123D254129C2D6C800F3A17F /* Poppins-Medium.ttf in Resources */ = {isa = PBXBuildFile; fileRef = 123D252F29C2D6C800F3A17F /* Poppins-Medium.ttf */; };
		123D254529C2DB3F00F3A17F /* SearchBarView.swift in Sources */ = {isa = PBXBuildFile; fileRef = 123D254429C2DB3F00F3A17F /* SearchBarView.swift */; };
		1296733529CABF6800218F50 /* PageIndicatorView.swift in Sources */ = {isa = PBXBuildFile; fileRef = 1296733429CABF6800218F50 /* PageIndicatorView.swift */; };
/* End PBXBuildFile section */

/* Begin PBXFileReference section */
		123D250829C2D0C200F3A17F /* weather.app */ = {isa = PBXFileReference; explicitFileType = wrapper.application; includeInIndex = 0; path = weather.app; sourceTree = BUILT_PRODUCTS_DIR; };
		123D250B29C2D0C200F3A17F /* weatherApp.swift */ = {isa = PBXFileReference; lastKnownFileType = sourcecode.swift; path = weatherApp.swift; sourceTree = "<group>"; };
		123D250D29C2D0C200F3A17F /* WeatherView.swift */ = {isa = PBXFileReference; lastKnownFileType = sourcecode.swift; path = WeatherView.swift; sourceTree = "<group>"; };
		123D250F29C2D0C300F3A17F /* Assets.xcassets */ = {isa = PBXFileReference; lastKnownFileType = folder.assetcatalog; path = Assets.xcassets; sourceTree = "<group>"; };
		123D251229C2D0C300F3A17F /* Preview Assets.xcassets */ = {isa = PBXFileReference; lastKnownFileType = folder.assetcatalog; path = "Preview Assets.xcassets"; sourceTree = "<group>"; };
		123D251A29C2D2E000F3A17F /* Color+Ext.swift */ = {isa = PBXFileReference; lastKnownFileType = sourcecode.swift; path = "Color+Ext.swift"; sourceTree = "<group>"; };
		123D251E29C2D6C700F3A17F /* Poppins-ThinItalic.ttf */ = {isa = PBXFileReference; lastKnownFileType = file; path = "Poppins-ThinItalic.ttf"; sourceTree = "<group>"; };
		123D251F29C2D6C700F3A17F /* Poppins-BlackItalic.ttf */ = {isa = PBXFileReference; lastKnownFileType = file; path = "Poppins-BlackItalic.ttf"; sourceTree = "<group>"; };
		123D252029C2D6C700F3A17F /* Poppins-Thin.ttf */ = {isa = PBXFileReference; lastKnownFileType = file; path = "Poppins-Thin.ttf"; sourceTree = "<group>"; };
		123D252129C2D6C700F3A17F /* Poppins-SemiBoldItalic.ttf */ = {isa = PBXFileReference; lastKnownFileType = file; path = "Poppins-SemiBoldItalic.ttf"; sourceTree = "<group>"; };
		123D252229C2D6C700F3A17F /* Poppins-ExtraBold.ttf */ = {isa = PBXFileReference; lastKnownFileType = file; path = "Poppins-ExtraBold.ttf"; sourceTree = "<group>"; };
		123D252329C2D6C700F3A17F /* Poppins-LightItalic.ttf */ = {isa = PBXFileReference; lastKnownFileType = file; path = "Poppins-LightItalic.ttf"; sourceTree = "<group>"; };
		123D252429C2D6C700F3A17F /* Poppins-SemiBold.ttf */ = {isa = PBXFileReference; lastKnownFileType = file; path = "Poppins-SemiBold.ttf"; sourceTree = "<group>"; };
		123D252529C2D6C700F3A17F /* Poppins-Italic.ttf */ = {isa = PBXFileReference; lastKnownFileType = file; path = "Poppins-Italic.ttf"; sourceTree = "<group>"; };
		123D252629C2D6C800F3A17F /* Poppins-ExtraLightItalic.ttf */ = {isa = PBXFileReference; lastKnownFileType = file; path = "Poppins-ExtraLightItalic.ttf"; sourceTree = "<group>"; };
		123D252729C2D6C800F3A17F /* Poppins-BoldItalic.ttf */ = {isa = PBXFileReference; lastKnownFileType = file; path = "Poppins-BoldItalic.ttf"; sourceTree = "<group>"; };
		123D252829C2D6C800F3A17F /* Poppins-Light.ttf */ = {isa = PBXFileReference; lastKnownFileType = file; path = "Poppins-Light.ttf"; sourceTree = "<group>"; };
		123D252929C2D6C800F3A17F /* Poppins-ExtraLight.ttf */ = {isa = PBXFileReference; lastKnownFileType = file; path = "Poppins-ExtraLight.ttf"; sourceTree = "<group>"; };
		123D252A29C2D6C800F3A17F /* Poppins-Regular.ttf */ = {isa = PBXFileReference; lastKnownFileType = file; path = "Poppins-Regular.ttf"; sourceTree = "<group>"; };
		123D252B29C2D6C800F3A17F /* Poppins-Bold.ttf */ = {isa = PBXFileReference; lastKnownFileType = file; path = "Poppins-Bold.ttf"; sourceTree = "<group>"; };
		123D252C29C2D6C800F3A17F /* Poppins-MediumItalic.ttf */ = {isa = PBXFileReference; lastKnownFileType = file; path = "Poppins-MediumItalic.ttf"; sourceTree = "<group>"; };
		123D252D29C2D6C800F3A17F /* Poppins-Black.ttf */ = {isa = PBXFileReference; lastKnownFileType = file; path = "Poppins-Black.ttf"; sourceTree = "<group>"; };
		123D252E29C2D6C800F3A17F /* Poppins-ExtraBoldItalic.ttf */ = {isa = PBXFileReference; lastKnownFileType = file; path = "Poppins-ExtraBoldItalic.ttf"; sourceTree = "<group>"; };
		123D252F29C2D6C800F3A17F /* Poppins-Medium.ttf */ = {isa = PBXFileReference; lastKnownFileType = file; path = "Poppins-Medium.ttf"; sourceTree = "<group>"; };
		123D254229C2D6F200F3A17F /* Info.plist */ = {isa = PBXFileReference; lastKnownFileType = text.plist; path = Info.plist; sourceTree = "<group>"; };
		123D254429C2DB3F00F3A17F /* SearchBarView.swift */ = {isa = PBXFileReference; lastKnownFileType = sourcecode.swift; path = SearchBarView.swift; sourceTree = "<group>"; };
		1296733429CABF6800218F50 /* PageIndicatorView.swift */ = {isa = PBXFileReference; lastKnownFileType = sourcecode.swift; path = PageIndicatorView.swift; sourceTree = "<group>"; };
/* End PBXFileReference section */

/* Begin PBXFrameworksBuildPhase section */
		123D250529C2D0C200F3A17F /* Frameworks */ = {
			isa = PBXFrameworksBuildPhase;
			buildActionMask = 2147483647;
			files = (
			);
			runOnlyForDeploymentPostprocessing = 0;
		};
/* End PBXFrameworksBuildPhase section */

/* Begin PBXGroup section */
		123D24FF29C2D0C200F3A17F = {
			isa = PBXGroup;
			children = (
				123D250A29C2D0C200F3A17F /* weather */,
				123D250929C2D0C200F3A17F /* Products */,
			);
			sourceTree = "<group>";
		};
		123D250929C2D0C200F3A17F /* Products */ = {
			isa = PBXGroup;
			children = (
				123D250829C2D0C200F3A17F /* weather.app */,
			);
			name = Products;
			sourceTree = "<group>";
		};
		123D250A29C2D0C200F3A17F /* weather */ = {
			isa = PBXGroup;
			children = (
				123D254629C2DB9300F3A17F /* Screens */,
				123D254329C2DB3200F3A17F /* Views */,
				123D254229C2D6F200F3A17F /* Info.plist */,
				123D251C29C2D6AC00F3A17F /* Utils */,
				123D251929C2D2C100F3A17F /* Extensions */,
				123D250B29C2D0C200F3A17F /* weatherApp.swift */,
				123D250F29C2D0C300F3A17F /* Assets.xcassets */,
				123D251129C2D0C300F3A17F /* Preview Content */,
			);
			path = weather;
			sourceTree = "<group>";
		};
		123D251129C2D0C300F3A17F /* Preview Content */ = {
			isa = PBXGroup;
			children = (
				123D251229C2D0C300F3A17F /* Preview Assets.xcassets */,
			);
			path = "Preview Content";
			sourceTree = "<group>";
		};
		123D251929C2D2C100F3A17F /* Extensions */ = {
			isa = PBXGroup;
			children = (
				123D251A29C2D2E000F3A17F /* Color+Ext.swift */,
			);
			path = Extensions;
			sourceTree = "<group>";
		};
		123D251C29C2D6AC00F3A17F /* Utils */ = {
			isa = PBXGroup;
			children = (
				123D251D29C2D6B600F3A17F /* Fonts */,
			);
			path = Utils;
			sourceTree = "<group>";
		};
		123D251D29C2D6B600F3A17F /* Fonts */ = {
			isa = PBXGroup;
			children = (
				123D252D29C2D6C800F3A17F /* Poppins-Black.ttf */,
				123D251F29C2D6C700F3A17F /* Poppins-BlackItalic.ttf */,
				123D252B29C2D6C800F3A17F /* Poppins-Bold.ttf */,
				123D252729C2D6C800F3A17F /* Poppins-BoldItalic.ttf */,
				123D252229C2D6C700F3A17F /* Poppins-ExtraBold.ttf */,
				123D252E29C2D6C800F3A17F /* Poppins-ExtraBoldItalic.ttf */,
				123D252929C2D6C800F3A17F /* Poppins-ExtraLight.ttf */,
				123D252629C2D6C800F3A17F /* Poppins-ExtraLightItalic.ttf */,
				123D252529C2D6C700F3A17F /* Poppins-Italic.ttf */,
				123D252829C2D6C800F3A17F /* Poppins-Light.ttf */,
				123D252329C2D6C700F3A17F /* Poppins-LightItalic.ttf */,
				123D252F29C2D6C800F3A17F /* Poppins-Medium.ttf */,
				123D252C29C2D6C800F3A17F /* Poppins-MediumItalic.ttf */,
				123D252A29C2D6C800F3A17F /* Poppins-Regular.ttf */,
				123D252429C2D6C700F3A17F /* Poppins-SemiBold.ttf */,
				123D252129C2D6C700F3A17F /* Poppins-SemiBoldItalic.ttf */,
				123D252029C2D6C700F3A17F /* Poppins-Thin.ttf */,
				123D251E29C2D6C700F3A17F /* Poppins-ThinItalic.ttf */,
			);
			path = Fonts;
			sourceTree = "<group>";
		};
		123D254329C2DB3200F3A17F /* Views */ = {
			isa = PBXGroup;
			children = (
				123D254429C2DB3F00F3A17F /* SearchBarView.swift */,
				1296733429CABF6800218F50 /* PageIndicatorView.swift */,
			);
			path = Views;
			sourceTree = "<group>";
		};
		123D254629C2DB9300F3A17F /* Screens */ = {
			isa = PBXGroup;
			children = (
				123D250D29C2D0C200F3A17F /* WeatherView.swift */,
			);
			path = Screens;
			sourceTree = "<group>";
		};
/* End PBXGroup section */

/* Begin PBXNativeTarget section */
		123D250729C2D0C200F3A17F /* weather */ = {
			isa = PBXNativeTarget;
			buildConfigurationList = 123D251629C2D0C300F3A17F /* Build configuration list for PBXNativeTarget "weather" */;
			buildPhases = (
				123D250429C2D0C200F3A17F /* Sources */,
				123D250529C2D0C200F3A17F /* Frameworks */,
				123D250629C2D0C200F3A17F /* Resources */,
			);
			buildRules = (
			);
			dependencies = (
			);
			name = weather;
			productName = weather;
			productReference = 123D250829C2D0C200F3A17F /* weather.app */;
			productType = "com.apple.product-type.application";
		};
/* End PBXNativeTarget section */

/* Begin PBXProject section */
		123D250029C2D0C200F3A17F /* Project object */ = {
			isa = PBXProject;
			attributes = {
				BuildIndependentTargetsInParallel = 1;
				LastSwiftUpdateCheck = 1420;
				LastUpgradeCheck = 1420;
				TargetAttributes = {
					123D250729C2D0C200F3A17F = {
						CreatedOnToolsVersion = 14.2;
					};
				};
			};
			buildConfigurationList = 123D250329C2D0C200F3A17F /* Build configuration list for PBXProject "weather" */;
			compatibilityVersion = "Xcode 14.0";
			developmentRegion = en;
			hasScannedForEncodings = 0;
			knownRegions = (
				en,
				Base,
			);
			mainGroup = 123D24FF29C2D0C200F3A17F;
			productRefGroup = 123D250929C2D0C200F3A17F /* Products */;
			projectDirPath = "";
			projectRoot = "";
			targets = (
				123D250729C2D0C200F3A17F /* weather */,
			);
		};
/* End PBXProject section */

/* Begin PBXResourcesBuildPhase section */
		123D250629C2D0C200F3A17F /* Resources */ = {
			isa = PBXResourcesBuildPhase;
			buildActionMask = 2147483647;
			files = (
				123D253129C2D6C800F3A17F /* Poppins-BlackItalic.ttf in Resources */,
				123D253A29C2D6C800F3A17F /* Poppins-Light.ttf in Resources */,
				123D253029C2D6C800F3A17F /* Poppins-ThinItalic.ttf in Resources */,
				123D253D29C2D6C800F3A17F /* Poppins-Bold.ttf in Resources */,
				123D251329C2D0C300F3A17F /* Preview Assets.xcassets in Resources */,
				123D253929C2D6C800F3A17F /* Poppins-BoldItalic.ttf in Resources */,
				123D253F29C2D6C800F3A17F /* Poppins-Black.ttf in Resources */,
				123D253429C2D6C800F3A17F /* Poppins-ExtraBold.ttf in Resources */,
				123D253B29C2D6C800F3A17F /* Poppins-ExtraLight.ttf in Resources */,
				123D254129C2D6C800F3A17F /* Poppins-Medium.ttf in Resources */,
				123D251029C2D0C300F3A17F /* Assets.xcassets in Resources */,
				123D253229C2D6C800F3A17F /* Poppins-Thin.ttf in Resources */,
				123D253C29C2D6C800F3A17F /* Poppins-Regular.ttf in Resources */,
				123D253E29C2D6C800F3A17F /* Poppins-MediumItalic.ttf in Resources */,
				123D254029C2D6C800F3A17F /* Poppins-ExtraBoldItalic.ttf in Resources */,
				123D253829C2D6C800F3A17F /* Poppins-ExtraLightItalic.ttf in Resources */,
				123D253629C2D6C800F3A17F /* Poppins-SemiBold.ttf in Resources */,
				123D253329C2D6C800F3A17F /* Poppins-SemiBoldItalic.ttf in Resources */,
				123D253729C2D6C800F3A17F /* Poppins-Italic.ttf in Resources */,
				123D253529C2D6C800F3A17F /* Poppins-LightItalic.ttf in Resources */,
			);
			runOnlyForDeploymentPostprocessing = 0;
		};
/* End PBXResourcesBuildPhase section */

/* Begin PBXSourcesBuildPhase section */
		123D250429C2D0C200F3A17F /* Sources */ = {
			isa = PBXSourcesBuildPhase;
			buildActionMask = 2147483647;
			files = (
				123D254529C2DB3F00F3A17F /* SearchBarView.swift in Sources */,
				123D250E29C2D0C200F3A17F /* WeatherView.swift in Sources */,
				123D250C29C2D0C200F3A17F /* weatherApp.swift in Sources */,
				123D251B29C2D2E000F3A17F /* Color+Ext.swift in Sources */,
				1296733529CABF6800218F50 /* PageIndicatorView.swift in Sources */,
			);
			runOnlyForDeploymentPostprocessing = 0;
		};
/* End PBXSourcesBuildPhase section */

/* Begin XCBuildConfiguration section */
		123D251429C2D0C300F3A17F /* Debug */ = {
			isa = XCBuildConfiguration;
			buildSettings = {
				ALWAYS_SEARCH_USER_PATHS = NO;
				CLANG_ANALYZER_NONNULL = YES;
				CLANG_ANALYZER_NUMBER_OBJECT_CONVERSION = YES_AGGRESSIVE;
				CLANG_CXX_LANGUAGE_STANDARD = "gnu++20";
				CLANG_ENABLE_MODULES = YES;
				CLANG_ENABLE_OBJC_ARC = YES;
				CLANG_ENABLE_OBJC_WEAK = YES;
				CLANG_WARN_BLOCK_CAPTURE_AUTORELEASING = YES;
				CLANG_WARN_BOOL_CONVERSION = YES;
				CLANG_WARN_COMMA = YES;
				CLANG_WARN_CONSTANT_CONVERSION = YES;
				CLANG_WARN_DEPRECATED_OBJC_IMPLEMENTATIONS = YES;
				CLANG_WARN_DIRECT_OBJC_ISA_USAGE = YES_ERROR;
				CLANG_WARN_DOCUMENTATION_COMMENTS = YES;
				CLANG_WARN_EMPTY_BODY = YES;
				CLANG_WARN_ENUM_CONVERSION = YES;
				CLANG_WARN_INFINITE_RECURSION = YES;
				CLANG_WARN_INT_CONVERSION = YES;
				CLANG_WARN_NON_LITERAL_NULL_CONVERSION = YES;
				CLANG_WARN_OBJC_IMPLICIT_RETAIN_SELF = YES;
				CLANG_WARN_OBJC_LITERAL_CONVERSION = YES;
				CLANG_WARN_OBJC_ROOT_CLASS = YES_ERROR;
				CLANG_WARN_QUOTED_INCLUDE_IN_FRAMEWORK_HEADER = YES;
				CLANG_WARN_RANGE_LOOP_ANALYSIS = YES;
				CLANG_WARN_STRICT_PROTOTYPES = YES;
				CLANG_WARN_SUSPICIOUS_MOVE = YES;
				CLANG_WARN_UNGUARDED_AVAILABILITY = YES_AGGRESSIVE;
				CLANG_WARN_UNREACHABLE_CODE = YES;
				CLANG_WARN__DUPLICATE_METHOD_MATCH = YES;
				COPY_PHASE_STRIP = NO;
				DEBUG_INFORMATION_FORMAT = dwarf;
				ENABLE_STRICT_OBJC_MSGSEND = YES;
				ENABLE_TESTABILITY = YES;
				GCC_C_LANGUAGE_STANDARD = gnu11;
				GCC_DYNAMIC_NO_PIC = NO;
				GCC_NO_COMMON_BLOCKS = YES;
				GCC_OPTIMIZATION_LEVEL = 0;
				GCC_PREPROCESSOR_DEFINITIONS = (
					"DEBUG=1",
					"$(inherited)",
				);
				GCC_WARN_64_TO_32_BIT_CONVERSION = YES;
				GCC_WARN_ABOUT_RETURN_TYPE = YES_ERROR;
				GCC_WARN_UNDECLARED_SELECTOR = YES;
				GCC_WARN_UNINITIALIZED_AUTOS = YES_AGGRESSIVE;
				GCC_WARN_UNUSED_FUNCTION = YES;
				GCC_WARN_UNUSED_VARIABLE = YES;
				IPHONEOS_DEPLOYMENT_TARGET = 16.2;
				MTL_ENABLE_DEBUG_INFO = INCLUDE_SOURCE;
				MTL_FAST_MATH = YES;
				ONLY_ACTIVE_ARCH = YES;
				SDKROOT = iphoneos;
				SWIFT_ACTIVE_COMPILATION_CONDITIONS = DEBUG;
				SWIFT_OPTIMIZATION_LEVEL = "-Onone";
			};
			name = Debug;
		};
		123D251529C2D0C300F3A17F /* Release */ = {
			isa = XCBuildConfiguration;
			buildSettings = {
				ALWAYS_SEARCH_USER_PATHS = NO;
				CLANG_ANALYZER_NONNULL = YES;
				CLANG_ANALYZER_NUMBER_OBJECT_CONVERSION = YES_AGGRESSIVE;
				CLANG_CXX_LANGUAGE_STANDARD = "gnu++20";
				CLANG_ENABLE_MODULES = YES;
				CLANG_ENABLE_OBJC_ARC = YES;
				CLANG_ENABLE_OBJC_WEAK = YES;
				CLANG_WARN_BLOCK_CAPTURE_AUTORELEASING = YES;
				CLANG_WARN_BOOL_CONVERSION = YES;
				CLANG_WARN_COMMA = YES;
				CLANG_WARN_CONSTANT_CONVERSION = YES;
				CLANG_WARN_DEPRECATED_OBJC_IMPLEMENTATIONS = YES;
				CLANG_WARN_DIRECT_OBJC_ISA_USAGE = YES_ERROR;
				CLANG_WARN_DOCUMENTATION_COMMENTS = YES;
				CLANG_WARN_EMPTY_BODY = YES;
				CLANG_WARN_ENUM_CONVERSION = YES;
				CLANG_WARN_INFINITE_RECURSION = YES;
				CLANG_WARN_INT_CONVERSION = YES;
				CLANG_WARN_NON_LITERAL_NULL_CONVERSION = YES;
				CLANG_WARN_OBJC_IMPLICIT_RETAIN_SELF = YES;
				CLANG_WARN_OBJC_LITERAL_CONVERSION = YES;
				CLANG_WARN_OBJC_ROOT_CLASS = YES_ERROR;
				CLANG_WARN_QUOTED_INCLUDE_IN_FRAMEWORK_HEADER = YES;
				CLANG_WARN_RANGE_LOOP_ANALYSIS = YES;
				CLANG_WARN_STRICT_PROTOTYPES = YES;
				CLANG_WARN_SUSPICIOUS_MOVE = YES;
				CLANG_WARN_UNGUARDED_AVAILABILITY = YES_AGGRESSIVE;
				CLANG_WARN_UNREACHABLE_CODE = YES;
				CLANG_WARN__DUPLICATE_METHOD_MATCH = YES;
				COPY_PHASE_STRIP = NO;
				DEBUG_INFORMATION_FORMAT = "dwarf-with-dsym";
				ENABLE_NS_ASSERTIONS = NO;
				ENABLE_STRICT_OBJC_MSGSEND = YES;
				GCC_C_LANGUAGE_STANDARD = gnu11;
				GCC_NO_COMMON_BLOCKS = YES;
				GCC_WARN_64_TO_32_BIT_CONVERSION = YES;
				GCC_WARN_ABOUT_RETURN_TYPE = YES_ERROR;
				GCC_WARN_UNDECLARED_SELECTOR = YES;
				GCC_WARN_UNINITIALIZED_AUTOS = YES_AGGRESSIVE;
				GCC_WARN_UNUSED_FUNCTION = YES;
				GCC_WARN_UNUSED_VARIABLE = YES;
				IPHONEOS_DEPLOYMENT_TARGET = 16.2;
				MTL_ENABLE_DEBUG_INFO = NO;
				MTL_FAST_MATH = YES;
				SDKROOT = iphoneos;
				SWIFT_COMPILATION_MODE = wholemodule;
				SWIFT_OPTIMIZATION_LEVEL = "-O";
				VALIDATE_PRODUCT = YES;
			};
			name = Release;
		};
		123D251729C2D0C300F3A17F /* Debug */ = {
			isa = XCBuildConfiguration;
			buildSettings = {
				ASSETCATALOG_COMPILER_APPICON_NAME = AppIcon;
				ASSETCATALOG_COMPILER_GLOBAL_ACCENT_COLOR_NAME = AccentColor;
				CODE_SIGN_STYLE = Automatic;
				CURRENT_PROJECT_VERSION = 1;
				DEVELOPMENT_ASSET_PATHS = "\"weather/Preview Content\"";
				DEVELOPMENT_TEAM = DX3TWD8RW8;
				ENABLE_PREVIEWS = YES;
				GENERATE_INFOPLIST_FILE = YES;
				INFOPLIST_FILE = weather/Info.plist;
				INFOPLIST_KEY_UIApplicationSceneManifest_Generation = YES;
				INFOPLIST_KEY_UIApplicationSupportsIndirectInputEvents = YES;
				INFOPLIST_KEY_UILaunchScreen_Generation = YES;
				INFOPLIST_KEY_UISupportedInterfaceOrientations = UIInterfaceOrientationPortrait;
				INFOPLIST_KEY_UISupportedInterfaceOrientations_iPad = "UIInterfaceOrientationLandscapeLeft UIInterfaceOrientationLandscapeRight UIInterfaceOrientationPortrait UIInterfaceOrientationPortraitUpsideDown";
				IPHONEOS_DEPLOYMENT_TARGET = 16.0;
				LD_RUNPATH_SEARCH_PATHS = (
					"$(inherited)",
					"@executable_path/Frameworks",
				);
				MARKETING_VERSION = 1.0;
				PRODUCT_BUNDLE_IDENTIFIER = me.karlisberzins.weather;
				PRODUCT_NAME = "$(TARGET_NAME)";
				SUPPORTED_PLATFORMS = "iphoneos iphonesimulator";
				SUPPORTS_MACCATALYST = NO;
				SUPPORTS_MAC_DESIGNED_FOR_IPHONE_IPAD = NO;
				SWIFT_EMIT_LOC_STRINGS = YES;
				SWIFT_VERSION = 5.0;
				TARGETED_DEVICE_FAMILY = 1;
			};
			name = Debug;
		};
		123D251829C2D0C300F3A17F /* Release */ = {
			isa = XCBuildConfiguration;
			buildSettings = {
				ASSETCATALOG_COMPILER_APPICON_NAME = AppIcon;
				ASSETCATALOG_COMPILER_GLOBAL_ACCENT_COLOR_NAME = AccentColor;
				CODE_SIGN_STYLE = Automatic;
				CURRENT_PROJECT_VERSION = 1;
				DEVELOPMENT_ASSET_PATHS = "\"weather/Preview Content\"";
				DEVELOPMENT_TEAM = DX3TWD8RW8;
				ENABLE_PREVIEWS = YES;
				GENERATE_INFOPLIST_FILE = YES;
				INFOPLIST_FILE = weather/Info.plist;
				INFOPLIST_KEY_UIApplicationSceneManifest_Generation = YES;
				INFOPLIST_KEY_UIApplicationSupportsIndirectInputEvents = YES;
				INFOPLIST_KEY_UILaunchScreen_Generation = YES;
				INFOPLIST_KEY_UISupportedInterfaceOrientations = UIInterfaceOrientationPortrait;
				INFOPLIST_KEY_UISupportedInterfaceOrientations_iPad = "UIInterfaceOrientationLandscapeLeft UIInterfaceOrientationLandscapeRight UIInterfaceOrientationPortrait UIInterfaceOrientationPortraitUpsideDown";
				IPHONEOS_DEPLOYMENT_TARGET = 16.0;
				LD_RUNPATH_SEARCH_PATHS = (
					"$(inherited)",
					"@executable_path/Frameworks",
				);
				MARKETING_VERSION = 1.0;
				PRODUCT_BUNDLE_IDENTIFIER = me.karlisberzins.weather;
				PRODUCT_NAME = "$(TARGET_NAME)";
				SUPPORTED_PLATFORMS = "iphoneos iphonesimulator";
				SUPPORTS_MACCATALYST = NO;
				SUPPORTS_MAC_DESIGNED_FOR_IPHONE_IPAD = NO;
				SWIFT_EMIT_LOC_STRINGS = YES;
				SWIFT_VERSION = 5.0;
				TARGETED_DEVICE_FAMILY = 1;
			};
			name = Release;
		};
/* End XCBuildConfiguration section */

/* Begin XCConfigurationList section */
		123D250329C2D0C200F3A17F /* Build configuration list for PBXProject "weather" */ = {
			isa = XCConfigurationList;
			buildConfigurations = (
				123D251429C2D0C300F3A17F /* Debug */,
				123D251529C2D0C300F3A17F /* Release */,
			);
			defaultConfigurationIsVisible = 0;
			defaultConfigurationName = Release;
		};
		123D251629C2D0C300F3A17F /* Build configuration list for PBXNativeTarget "weather" */ = {
			isa = XCConfigurationList;
			buildConfigurations = (
				123D251729C2D0C300F3A17F /* Debug */,
				123D251829C2D0C300F3A17F /* Release */,
			);
			defaultConfigurationIsVisible = 0;
			defaultConfigurationName = Release;
		};
/* End XCConfigurationList section */
	};
	rootObject = 123D250029C2D0C200F3A17F /* Project object */;
}
